
Microsoft Visual Studio Solution File, Format Version 12.00
# Visual Studio 14
VisualStudioVersion = 14.0.25420.1
MinimumVisualStudioVersion = 10.0.40219.1
Project("{FAE04EC0-301F-11D3-BF4B-00C04F79EFBC}") = "IteratorDemo", "IteratorDemo\IteratorDemo.csproj", "{7AE48DAA-497F-4732-A76E-6F4C02A4D1B7}"
EndProject
Project("{FAE04EC0-301F-11D3-BF4B-00C04F79EFBC}") = "FacadeDemo", "FacadeDemo\FacadeDemo.csproj", "{E09D0F90-6206-435C-973F-4BA5BB2F777C}"
EndProject
Project("{FAE04EC0-301F-11D3-BF4B-00C04F79EFBC}") = "SingletonDemo", "SingletonDemo\SingletonDemo.csproj", "{9D5CEBC2-D5C2-46D3-BC1B-C937A9035DA9}"
EndProject
Global
	GlobalSection(SolutionConfigurationPlatforms) = preSolution
		Debug|Any CPU = Debug|Any CPU
		Release|Any CPU = Release|Any CPU
	EndGlobalSection
	GlobalSection(ProjectConfigurationPlatforms) = postSolution
		{7AE48DAA-497F-4732-A76E-6F4C02A4D1B7}.Debug|Any CPU.ActiveCfg = Debug|Any CPU
		{7AE48DAA-497F-4732-A76E-6F4C02A4D1B7}.Debug|Any CPU.Build.0 = Debug|Any CPU
		{7AE48DAA-497F-4732-A76E-6F4C02A4D1B7}.Release|Any CPU.ActiveCfg = Release|Any CPU
		{7AE48DAA-497F-4732-A76E-6F4C02A4D1B7}.Release|Any CPU.Build.0 = Release|Any CPU
		{E09D0F90-6206-435C-973F-4BA5BB2F777C}.Debug|Any CPU.ActiveCfg = Debug|Any CPU
		{E09D0F90-6206-435C-973F-4BA5BB2F777C}.Debug|Any CPU.Build.0 = Debug|Any CPU
		{E09D0F90-6206-435C-973F-4BA5BB2F777C}.Release|Any CPU.ActiveCfg = Release|Any CPU
		{E09D0F90-6206-435C-973F-4BA5BB2F777C}.Release|Any CPU.Build.0 = Release|Any CPU
		{9D5CEBC2-D5C2-46D3-BC1B-C937A9035DA9}.Debug|Any CPU.ActiveCfg = Debug|Any CPU
		{9D5CEBC2-D5C2-46D3-BC1B-C937A9035DA9}.Debug|Any CPU.Build.0 = Debug|Any CPU
		{9D5CEBC2-D5C2-46D3-BC1B-C937A9035DA9}.Release|Any CPU.ActiveCfg = Release|Any CPU
		{9D5CEBC2-D5C2-46D3-BC1B-C937A9035DA9}.Release|Any CPU.Build.0 = Release|Any CPU
	EndGlobalSection
	GlobalSection(SolutionProperties) = preSolution
		HideSolutionNode = FALSE
	EndGlobalSection
EndGlobal
